
Microsoft Visual Studio Solution File, Format Version 12.00
# Visual Studio Version 16
VisualStudioVersion = 16.0.31105.61
MinimumVisualStudioVersion = 10.0.40219.1
Project("{FAE04EC0-301F-11D3-BF4B-00C04F79EFBC}") = "TestingWebApi1", "TestingWebApi1\TestingWebApi1.csproj", "{FC0FB29F-F066-482B-933C-253AFD322248}"
EndProject
Global
	GlobalSection(SolutionConfigurationPlatforms) = preSolution
		Debug|Any CPU = Debug|Any CPU
		Release|Any CPU = Release|Any CPU
	EndGlobalSection
	GlobalSection(ProjectConfigurationPlatforms) = postSolution
		{FC0FB29F-F066-482B-933C-253AFD322248}.Debug|Any CPU.ActiveCfg = Debug|Any CPU
		{FC0FB29F-F066-482B-933C-253AFD322248}.Debug|Any CPU.Build.0 = Debug|Any CPU
		{FC0FB29F-F066-482B-933C-253AFD322248}.Release|Any CPU.ActiveCfg = Release|Any CPU
		{FC0FB29F-F066-482B-933C-253AFD322248}.Release|Any CPU.Build.0 = Release|Any CPU
	EndGlobalSection
	GlobalSection(SolutionProperties) = preSolution
		HideSolutionNode = FALSE
	EndGlobalSection
	GlobalSection(ExtensibilityGlobals) = postSolution
		SolutionGuid = {AD523418-8DDF-4AA9-A815-FF6635742CBA}
	EndGlobalSection
EndGlobal
